{
  "pins" : [
    {
      "identity" : "swift-openal-soft",
      "kind" : "remoteSourceControl",
      "location" : "https://github.com/Hongtae/swift-openal-soft.git",
      "state" : {
        "branch" : "main",
        "revision" : "801d1fcd4e72d2a56d6e7c381e7738288c955066"
      }
    }
  ],
  "version" : 2
}
