{
  "pins" : [
    {
      "identity" : "swift-openal-soft",
      "kind" : "remoteSourceControl",
      "location" : "https://github.com/Hongtae/swift-openal-soft.git",
      "state" : {
        "branch" : "main",
        "revision" : "3cf9207695dc9862ae2892b7b2ce623656762f06"
      }
    }
  ],
  "version" : 2
}
