{
  "pins" : [
    {
      "identity" : "swift-openal-soft",
      "kind" : "remoteSourceControl",
      "location" : "https://github.com/Hongtae/swift-openal-soft.git",
      "state" : {
        "branch" : "main",
        "revision" : "c8045279c817e6021a1dfc51a45d1bf4cf695010"
      }
    }
  ],
  "version" : 2
}
